<Solution>
  <Project Path="FishNet.Runtime.csproj" />
  <Project Path="FishNet.Codegen.Cecil.csproj" />
  <Project Path="FishNet.Demos.csproj" />
  <Project Path="SynapseSocket.csproj" />
  <Project Path="Unity.FishNet.Codegen.csproj" />
  <Project Path="Assembly-CSharp-Editor.csproj" />
  <Project Path="GameKit.Dependencies.csproj" />
  <Project Path="Assembly-CSharp.csproj" />
</Solution>
